{
  "name": "@antlegion/dsh",
  "version": "0.1.1",
  "lockfileVersion": 3,
  "requires": true,
  "packages": {
    "": {
      "name": "@antlegion/dsh",
      "version": "0.1.1",
      "license": "MIT",
      "dependencies": {
        "@antlegion/bus": "^0.5.0"
      },
      "bin": {
        "antlegion-dcu-check": "check.js"
      },
      "peerDependencies": {
        "@deepseek-ai/cordis": "^4.0.1",
        "@deepseek-ai/dsh-agent": "^0.1.0-rc.6",
        "@deepseek-ai/dsh-llm": "^0.1.0-rc.6",
        "@deepseek-ai/dsh-tools": "^0.1.0-rc.6",
        "@deepseek-ai/schemastery": "^3.18.1"
      }
    },
    "node_modules/@antlegion/bus": {
      "version": "0.5.0",
      "resolved": "https://registry.npmjs.org/@antlegion/bus/-/bus-0.5.0.tgz",
      "integrity": "sha512-oY2WoDuQo4piLKrPM/mYNPEz4+0MBQfZa0TchdJBAxtA1owdc5bKtIcRvU/QDqoVhD492ejEX0cK/uoH3B/z5Q==",
      "license": "MIT",
      "dependencies": {
        "@hono/node-server": "^1.14.0",
        "hono": "^4.7.0"
      },
      "bin": {
        "alctl": "dist/bin.js",
        "antlegion": "dist/index.js",
        "bus": "dist/index.js"
      },
      "engines": {
        "node": ">=20"
      }
    },
    "node_modules/@hono/node-server": {
      "version": "1.19.17",
      "resolved": "https://registry.npmjs.org/@hono/node-server/-/node-server-1.19.17.tgz",
      "integrity": "sha512-dSneS5qhiauZWGDCeK4o695Xd9nUNjviSZCMQrj10eetr8Uln1ucn6bbphOM6UynAMMtNIzZNSpL9vnASJwrPQ==",
      "license": "MIT",
      "engines": {
        "node": ">=18.14.1"
      },
      "peerDependencies": {
        "hono": "^4"
      }
    },
    "node_modules/hono": {
      "version": "4.13.4",
      "resolved": "https://registry.npmjs.org/hono/-/hono-4.13.4.tgz",
      "integrity": "sha512-AGEwKIyRMHRv1t8Wjwa3LHxQ61X5CqrdFT+4BRNTpqS5aJNnpl5WLjADb7vFlJzI/8uK7T5QLVApCMQKNa3LgQ==",
      "license": "MIT",
      "engines": {
        "node": ">=16.9.0"
      }
    }
  }
}
